{"format_version":"0.2","terraform_version":"1.0.9","variables":{"s3_bucket_prefix":{"value":"sample_prefix_test20"}},"planned_values":{"root_module":{"resources":[{"address":"aws_s3_bucket.demo-example","mode":"managed","type":"aws_s3_bucket","name":"demo-example","provider_name":"registry.terraform.io/hashicorp/aws","schema_version":0,"values":{"acl":"private","bucket":"demoexample-1","bucket_prefix":null,"cors_rule":[],"force_destroy":false,"grant":[],"lifecycle_rule":[],"logging":[],"object_lock_configuration":[],"policy":null,"replication_configuration":[],"server_side_encryption_configuration":[],"tags":null,"versioning":[{"enabled":false,"mfa_delete":false}],"website":[]},"sensitive_values":{"cors_rule":[],"grant":[],"lifecycle_rule":[],"logging":[],"object_lock_configuration":[],"replication_configuration":[],"server_side_encryption_configuration":[],"tags_all":{},"versioning":[{}],"website":[]}},{"address":"aws_s3_bucket.demo-s3","mode":"managed","type":"aws_s3_bucket","name":"demo-s3","provider_name":"registry.terraform.io/hashicorp/aws","schema_version":0,"values":{"acl":"private","bucket":"sample_prefix_test20","bucket_prefix":null,"cors_rule":[],"force_destroy":false,"grant":[],"lifecycle_rule":[],"logging":[],"object_lock_configuration":[],"policy":null,"replication_configuration":[],"server_side_encryption_configuration":[],"tags":null,"versioning":[{"enabled":false,"mfa_delete":false}],"website":[]},"sensitive_values":{"cors_rule":[],"grant":[],"lifecycle_rule":[],"logging":[],"object_lock_configuration":[],"replication_configuration":[],"server_side_encryption_configuration":[],"tags_all":{},"versioning":[{}],"website":[]}}]}},"resource_changes":[{"address":"aws_s3_bucket.demo-example","mode":"managed","type":"aws_s3_bucket","name":"demo-example","provider_name":"registry.terraform.io/hashicorp/aws","change":{"actions":["create"],"before":null,"after":{"acl":"private","bucket":"demoexample-1","bucket_prefix":null,"cors_rule":[],"force_destroy":false,"grant":[],"lifecycle_rule":[],"logging":[],"object_lock_configuration":[],"policy":null,"replication_configuration":[],"server_side_encryption_configuration":[],"tags":null,"versioning":[{"enabled":false,"mfa_delete":false}],"website":[]},"after_unknown":{"acceleration_status":true,"arn":true,"bucket_domain_name":true,"bucket_regional_domain_name":true,"cors_rule":[],"grant":[],"hosted_zone_id":true,"id":true,"lifecycle_rule":[],"logging":[],"object_lock_configuration":[],"region":true,"replication_configuration":[],"request_payer":true,"server_side_encryption_configuration":[],"tags_all":true,"versioning":[{}],"website":[],"website_domain":true,"website_endpoint":true},"before_sensitive":false,"after_sensitive":{"cors_rule":[],"grant":[],"lifecycle_rule":[],"logging":[],"object_lock_configuration":[],"replication_configuration":[],"server_side_encryption_configuration":[],"tags_all":{},"versioning":[{}],"website":[]}}},{"address":"aws_s3_bucket.demo-s3","mode":"managed","type":"aws_s3_bucket","name":"demo-s3","provider_name":"registry.terraform.io/hashicorp/aws","change":{"actions":["create"],"before":null,"after":{"acl":"private","bucket":"sample_prefix_test20","bucket_prefix":null,"cors_rule":[],"force_destroy":false,"grant":[],"lifecycle_rule":[],"logging":[],"object_lock_configuration":[],"policy":null,"replication_configuration":[],"server_side_encryption_configuration":[],"tags":null,"versioning":[{"enabled":false,"mfa_delete":false}],"website":[]},"after_unknown":{"acceleration_status":true,"arn":true,"bucket_domain_name":true,"bucket_regional_domain_name":true,"cors_rule":[],"grant":[],"hosted_zone_id":true,"id":true,"lifecycle_rule":[],"logging":[],"object_lock_configuration":[],"region":true,"replication_configuration":[],"request_payer":true,"server_side_encryption_configuration":[],"tags_all":true,"versioning":[{}],"website":[],"website_domain":true,"website_endpoint":true},"before_sensitive":false,"after_sensitive":{"cors_rule":[],"grant":[],"lifecycle_rule":[],"logging":[],"object_lock_configuration":[],"replication_configuration":[],"server_side_encryption_configuration":[],"tags_all":{},"versioning":[{}],"website":[]}}}],"configuration":{"provider_config":{"aws":{"name":"aws","expressions":{"region":{"constant_value":"us-east-1"}}}},"root_module":{"resources":[{"address":"aws_s3_bucket.demo-example","mode":"managed","type":"aws_s3_bucket","name":"demo-example","provider_config_key":"aws","expressions":{"bucket":{"constant_value":"demoexample-1"},"versioning":[{"enabled":{"constant_value":false},"mfa_delete":{"constant_value":false}}]},"schema_version":0},{"address":"aws_s3_bucket.demo-s3","mode":"managed","type":"aws_s3_bucket","name":"demo-s3","provider_config_key":"aws","expressions":{"bucket":{"references":["var.s3_bucket_prefix"]},"versioning":[{"enabled":{"constant_value":false},"mfa_delete":{"constant_value":false}}]},"schema_version":0}],"variables":{"s3_bucket_prefix":{"default":"sample_prefix_test20"}}}}}
